
Microsoft Visual Studio Solution File, Format Version 12.00
# Visual Studio 15
VisualStudioVersion = 15.0.28307.902
MinimumVisualStudioVersion = 10.0.40219.1
Project("{FAE04EC0-301F-11D3-BF4B-00C04F79EFBC}") = "StateDesignDemo", "StateDesignDemo\StateDesignDemo.csproj", "{631261F3-BBE3-4232-B0F0-17B95EAE1A21}"
EndProject
Global
	GlobalSection(SolutionConfigurationPlatforms) = preSolution
		Debug|Any CPU = Debug|Any CPU
		Release|Any CPU = Release|Any CPU
	EndGlobalSection
	GlobalSection(ProjectConfigurationPlatforms) = postSolution
		{631261F3-BBE3-4232-B0F0-17B95EAE1A21}.Debug|Any CPU.ActiveCfg = Debug|Any CPU
		{631261F3-BBE3-4232-B0F0-17B95EAE1A21}.Debug|Any CPU.Build.0 = Debug|Any CPU
		{631261F3-BBE3-4232-B0F0-17B95EAE1A21}.Release|Any CPU.ActiveCfg = Release|Any CPU
		{631261F3-BBE3-4232-B0F0-17B95EAE1A21}.Release|Any CPU.Build.0 = Release|Any CPU
	EndGlobalSection
	GlobalSection(SolutionProperties) = preSolution
		HideSolutionNode = FALSE
	EndGlobalSection
	GlobalSection(ExtensibilityGlobals) = postSolution
		SolutionGuid = {398E1C07-E179-4A03-9BD1-D209C6D544C6}
	EndGlobalSection
EndGlobal
