
Microsoft Visual Studio Solution File, Format Version 12.00
# Visual Studio 15
VisualStudioVersion = 15.0.28307.902
MinimumVisualStudioVersion = 10.0.40219.1
Project("{FAE04EC0-301F-11D3-BF4B-00C04F79EFBC}") = "VisitorDesignDemo", "VisitorDesignDemo\VisitorDesignDemo.csproj", "{A56ED034-14E5-4EDE-BB77-1EE329C9665D}"
EndProject
Global
	GlobalSection(SolutionConfigurationPlatforms) = preSolution
		Debug|Any CPU = Debug|Any CPU
		Release|Any CPU = Release|Any CPU
	EndGlobalSection
	GlobalSection(ProjectConfigurationPlatforms) = postSolution
		{A56ED034-14E5-4EDE-BB77-1EE329C9665D}.Debug|Any CPU.ActiveCfg = Debug|Any CPU
		{A56ED034-14E5-4EDE-BB77-1EE329C9665D}.Debug|Any CPU.Build.0 = Debug|Any CPU
		{A56ED034-14E5-4EDE-BB77-1EE329C9665D}.Release|Any CPU.ActiveCfg = Release|Any CPU
		{A56ED034-14E5-4EDE-BB77-1EE329C9665D}.Release|Any CPU.Build.0 = Release|Any CPU
	EndGlobalSection
	GlobalSection(SolutionProperties) = preSolution
		HideSolutionNode = FALSE
	EndGlobalSection
	GlobalSection(ExtensibilityGlobals) = postSolution
		SolutionGuid = {6ADAA997-E76B-4467-AE77-FF2D32D48C4E}
	EndGlobalSection
EndGlobal
