
Microsoft Visual Studio Solution File, Format Version 12.00
# Visual Studio 15
VisualStudioVersion = 15.0.28307.902
MinimumVisualStudioVersion = 10.0.40219.1
Project("{FAE04EC0-301F-11D3-BF4B-00C04F79EFBC}") = "CommandDesignDemo", "CommandDesignDemo\CommandDesignDemo.csproj", "{2E9049BE-E0AD-41BB-8F68-B30F5C3DEB0D}"
EndProject
Global
	GlobalSection(SolutionConfigurationPlatforms) = preSolution
		Debug|Any CPU = Debug|Any CPU
		Release|Any CPU = Release|Any CPU
	EndGlobalSection
	GlobalSection(ProjectConfigurationPlatforms) = postSolution
		{2E9049BE-E0AD-41BB-8F68-B30F5C3DEB0D}.Debug|Any CPU.ActiveCfg = Debug|Any CPU
		{2E9049BE-E0AD-41BB-8F68-B30F5C3DEB0D}.Debug|Any CPU.Build.0 = Debug|Any CPU
		{2E9049BE-E0AD-41BB-8F68-B30F5C3DEB0D}.Release|Any CPU.ActiveCfg = Release|Any CPU
		{2E9049BE-E0AD-41BB-8F68-B30F5C3DEB0D}.Release|Any CPU.Build.0 = Release|Any CPU
	EndGlobalSection
	GlobalSection(SolutionProperties) = preSolution
		HideSolutionNode = FALSE
	EndGlobalSection
	GlobalSection(ExtensibilityGlobals) = postSolution
		SolutionGuid = {89625B2E-716D-410E-9067-8C8FF4E8C9CF}
	EndGlobalSection
EndGlobal
